
Microsoft Visual Studio Solution File, Format Version 12.00
# Visual Studio Version 17
VisualStudioVersion = 17.2.32630.192
MinimumVisualStudioVersion = 10.0.40219.1
Project("{F184B08F-C81C-45F6-A57F-5ABD9991F28F}") = "CreacionBotones", "CreacionBotones.vbproj", "{09A00075-722F-414E-AB54-E07A75B59907}"
EndProject
Global
	GlobalSection(SolutionConfigurationPlatforms) = preSolution
		Debug|Any CPU = Debug|Any CPU
		Release|Any CPU = Release|Any CPU
	EndGlobalSection
	GlobalSection(ProjectConfigurationPlatforms) = postSolution
		{09A00075-722F-414E-AB54-E07A75B59907}.Debug|Any CPU.ActiveCfg = Debug|Any CPU
		{09A00075-722F-414E-AB54-E07A75B59907}.Debug|Any CPU.Build.0 = Debug|Any CPU
		{09A00075-722F-414E-AB54-E07A75B59907}.Release|Any CPU.ActiveCfg = Release|Any CPU
		{09A00075-722F-414E-AB54-E07A75B59907}.Release|Any CPU.Build.0 = Release|Any CPU
	EndGlobalSection
	GlobalSection(SolutionProperties) = preSolution
		HideSolutionNode = FALSE
	EndGlobalSection
	GlobalSection(ExtensibilityGlobals) = postSolution
		SolutionGuid = {923D9F35-2E82-4879-94CF-F5CE9A627BCC}
	EndGlobalSection
EndGlobal
