
Microsoft Visual Studio Solution File, Format Version 12.00
# Visual Studio Version 17
VisualStudioVersion = 17.2.32630.192
MinimumVisualStudioVersion = 10.0.40219.1
Project("{F184B08F-C81C-45F6-A57F-5ABD9991F28F}") = "20220822_Temperatura", "20220822_Temperatura.vbproj", "{1437192C-B2B8-44D6-B6FE-E5906BBB6964}"
EndProject
Global
	GlobalSection(SolutionConfigurationPlatforms) = preSolution
		Debug|Any CPU = Debug|Any CPU
		Release|Any CPU = Release|Any CPU
	EndGlobalSection
	GlobalSection(ProjectConfigurationPlatforms) = postSolution
		{1437192C-B2B8-44D6-B6FE-E5906BBB6964}.Debug|Any CPU.ActiveCfg = Debug|Any CPU
		{1437192C-B2B8-44D6-B6FE-E5906BBB6964}.Debug|Any CPU.Build.0 = Debug|Any CPU
		{1437192C-B2B8-44D6-B6FE-E5906BBB6964}.Release|Any CPU.ActiveCfg = Release|Any CPU
		{1437192C-B2B8-44D6-B6FE-E5906BBB6964}.Release|Any CPU.Build.0 = Release|Any CPU
	EndGlobalSection
	GlobalSection(SolutionProperties) = preSolution
		HideSolutionNode = FALSE
	EndGlobalSection
	GlobalSection(ExtensibilityGlobals) = postSolution
		SolutionGuid = {44D3CCB1-9DCF-4168-8CCF-16469AC66D92}
	EndGlobalSection
EndGlobal
